// !$*UTF8*$!
{
	archiveVersion = 1;
	classes = {
	};
	objectVersion = 51;
	objects = {

/* Begin PBXBuildFile section */
		232FCAA5B7633C16AE56E8D5 /* Pods_FindPictureFlickr.framework in Frameworks */ = {isa = PBXBuildFile; fileRef = 23556B71E1BB3CD2C17B437F /* Pods_FindPictureFlickr.framework */; };
		5C1C39532790A7B400748A14 /* AppDelegate.swift in Sources */ = {isa = PBXBuildFile; fileRef = 5C1C39522790A7B400748A14 /* AppDelegate.swift */; };
		5C1C39552790A7B400748A14 /* SceneDelegate.swift in Sources */ = {isa = PBXBuildFile; fileRef = 5C1C39542790A7B400748A14 /* SceneDelegate.swift */; };
		5C1C39572790A7B400748A14 /* ViewController.swift in Sources */ = {isa = PBXBuildFile; fileRef = 5C1C39562790A7B400748A14 /* ViewController.swift */; };
		5C1C39742790B26D00748A14 /* TableViewCell.swift in Sources */ = {isa = PBXBuildFile; fileRef = 5C1C39732790B26D00748A14 /* TableViewCell.swift */; };
		5C5F98F4279468000052F6E8 /* SaveModel.swift in Sources */ = {isa = PBXBuildFile; fileRef = 5C5F98F3279468000052F6E8 /* SaveModel.swift */; };
		5C99FE4A2795DC4D0057B711 /* RealmModel.swift in Sources */ = {isa = PBXBuildFile; fileRef = 5C99FE492795DC4D0057B711 /* RealmModel.swift */; };
		5C99FE532795E2BD0057B711 /* RealmManager.swift in Sources */ = {isa = PBXBuildFile; fileRef = 5C99FE522795E2BD0057B711 /* RealmManager.swift */; };
		5CB845652791DCB3006E2852 /* ApiModel.swift in Sources */ = {isa = PBXBuildFile; fileRef = 5CB845642791DCB3006E2852 /* ApiModel.swift */; };
		5CB8456A27921AC7006E2852 /* NetworkManager.swift in Sources */ = {isa = PBXBuildFile; fileRef = 5CB8456927921AC7006E2852 /* NetworkManager.swift */; };
/* End PBXBuildFile section */

/* Begin PBXFileReference section */
		23556B71E1BB3CD2C17B437F /* Pods_FindPictureFlickr.framework */ = {isa = PBXFileReference; explicitFileType = wrapper.framework; includeInIndex = 0; path = Pods_FindPictureFlickr.framework; sourceTree = BUILT_PRODUCTS_DIR; };
		5C1C394F2790A7B400748A14 /* FindPictureFlickr.app */ = {isa = PBXFileReference; explicitFileType = wrapper.application; includeInIndex = 0; path = FindPictureFlickr.app; sourceTree = BUILT_PRODUCTS_DIR; };
		5C1C39522790A7B400748A14 /* AppDelegate.swift */ = {isa = PBXFileReference; lastKnownFileType = sourcecode.swift; path = AppDelegate.swift; sourceTree = "<group>"; };
		5C1C39542790A7B400748A14 /* SceneDelegate.swift */ = {isa = PBXFileReference; lastKnownFileType = sourcecode.swift; path = SceneDelegate.swift; sourceTree = "<group>"; };
		5C1C39562790A7B400748A14 /* ViewController.swift */ = {isa = PBXFileReference; lastKnownFileType = sourcecode.swift; path = ViewController.swift; sourceTree = "<group>"; };
		5C1C39602790A7B700748A14 /* Info.plist */ = {isa = PBXFileReference; lastKnownFileType = text.plist.xml; path = Info.plist; sourceTree = "<group>"; };
		5C1C39732790B26D00748A14 /* TableViewCell.swift */ = {isa = PBXFileReference; lastKnownFileType = sourcecode.swift; path = TableViewCell.swift; sourceTree = "<group>"; };
		5C5F98F3279468000052F6E8 /* SaveModel.swift */ = {isa = PBXFileReference; lastKnownFileType = sourcecode.swift; path = SaveModel.swift; sourceTree = "<group>"; };
		5C99FE492795DC4D0057B711 /* RealmModel.swift */ = {isa = PBXFileReference; lastKnownFileType = sourcecode.swift; path = RealmModel.swift; sourceTree = "<group>"; };
		5C99FE522795E2BD0057B711 /* RealmManager.swift */ = {isa = PBXFileReference; lastKnownFileType = sourcecode.swift; path = RealmManager.swift; sourceTree = "<group>"; };
		5CB845642791DCB3006E2852 /* ApiModel.swift */ = {isa = PBXFileReference; lastKnownFileType = sourcecode.swift; path = ApiModel.swift; sourceTree = "<group>"; };
		5CB8456927921AC7006E2852 /* NetworkManager.swift */ = {isa = PBXFileReference; lastKnownFileType = sourcecode.swift; path = NetworkManager.swift; sourceTree = "<group>"; };
		B456883FABF5EEC20A7DE140 /* Pods-FindPictureFlickr.debug.xcconfig */ = {isa = PBXFileReference; includeInIndex = 1; lastKnownFileType = text.xcconfig; name = "Pods-FindPictureFlickr.debug.xcconfig"; path = "Target Support Files/Pods-FindPictureFlickr/Pods-FindPictureFlickr.debug.xcconfig"; sourceTree = "<group>"; };
		B7BD5DCFBBAFC456DF151E91 /* Pods-FindPictureFlickr.release.xcconfig */ = {isa = PBXFileReference; includeInIndex = 1; lastKnownFileType = text.xcconfig; name = "Pods-FindPictureFlickr.release.xcconfig"; path = "Target Support Files/Pods-FindPictureFlickr/Pods-FindPictureFlickr.release.xcconfig"; sourceTree = "<group>"; };
/* End PBXFileReference section */

/* Begin PBXFrameworksBuildPhase section */
		5C1C394C2790A7B400748A14 /* Frameworks */ = {
			isa = PBXFrameworksBuildPhase;
			buildActionMask = 2147483647;
			files = (
				232FCAA5B7633C16AE56E8D5 /* Pods_FindPictureFlickr.framework in Frameworks */,
			);
			runOnlyForDeploymentPostprocessing = 0;
		};
/* End PBXFrameworksBuildPhase section */

/* Begin PBXGroup section */
		1A547B1E2593A14FD13EE0E4 /* Frameworks */ = {
			isa = PBXGroup;
			children = (
				23556B71E1BB3CD2C17B437F /* Pods_FindPictureFlickr.framework */,
			);
			name = Frameworks;
			sourceTree = "<group>";
		};
		5C1C39462790A7B400748A14 = {
			isa = PBXGroup;
			children = (
				5C1C39512790A7B400748A14 /* FindPictureFlickr */,
				5C1C39502790A7B400748A14 /* Products */,
				7C57B2CC62B708673DB35027 /* Pods */,
				1A547B1E2593A14FD13EE0E4 /* Frameworks */,
			);
			sourceTree = "<group>";
		};
		5C1C39502790A7B400748A14 /* Products */ = {
			isa = PBXGroup;
			children = (
				5C1C394F2790A7B400748A14 /* FindPictureFlickr.app */,
			);
			name = Products;
			sourceTree = "<group>";
		};
		5C1C39512790A7B400748A14 /* FindPictureFlickr */ = {
			isa = PBXGroup;
			children = (
				5C5B317A279849CB00B6D693 /* MainVC */,
				5C5B317C27984A0A00B6D693 /* Data */,
				5C5B318627984CD600B6D693 /* Application */,
				5C1C39602790A7B700748A14 /* Info.plist */,
			);
			path = FindPictureFlickr;
			sourceTree = "<group>";
		};
		5C5B317A279849CB00B6D693 /* MainVC */ = {
			isa = PBXGroup;
			children = (
				5C1C39562790A7B400748A14 /* ViewController.swift */,
				5C1C39732790B26D00748A14 /* TableViewCell.swift */,
			);
			path = MainVC;
			sourceTree = "<group>";
		};
		5C5B317C27984A0A00B6D693 /* Data */ = {
			isa = PBXGroup;
			children = (
				5CB8456927921AC7006E2852 /* NetworkManager.swift */,
				5C99FE522795E2BD0057B711 /* RealmManager.swift */,
				5C5B317D27984A2500B6D693 /* Models */,
			);
			path = Data;
			sourceTree = "<group>";
		};
		5C5B317D27984A2500B6D693 /* Models */ = {
			isa = PBXGroup;
			children = (
				5CB845642791DCB3006E2852 /* ApiModel.swift */,
				5C99FE492795DC4D0057B711 /* RealmModel.swift */,
				5C5F98F3279468000052F6E8 /* SaveModel.swift */,
			);
			path = Models;
			sourceTree = "<group>";
		};
		5C5B318627984CD600B6D693 /* Application */ = {
			isa = PBXGroup;
			children = (
				5C1C39522790A7B400748A14 /* AppDelegate.swift */,
				5C1C39542790A7B400748A14 /* SceneDelegate.swift */,
			);
			path = Application;
			sourceTree = "<group>";
		};
		7C57B2CC62B708673DB35027 /* Pods */ = {
			isa = PBXGroup;
			children = (
				B456883FABF5EEC20A7DE140 /* Pods-FindPictureFlickr.debug.xcconfig */,
				B7BD5DCFBBAFC456DF151E91 /* Pods-FindPictureFlickr.release.xcconfig */,
			);
			path = Pods;
			sourceTree = "<group>";
		};
/* End PBXGroup section */

/* Begin PBXNativeTarget section */
		5C1C394E2790A7B400748A14 /* FindPictureFlickr */ = {
			isa = PBXNativeTarget;
			buildConfigurationList = 5C1C39632790A7B700748A14 /* Build configuration list for PBXNativeTarget "FindPictureFlickr" */;
			buildPhases = (
				668540A727C194A31E40CBD9 /* [CP] Check Pods Manifest.lock */,
				5C1C394B2790A7B400748A14 /* Sources */,
				5C1C394C2790A7B400748A14 /* Frameworks */,
				5C1C394D2790A7B400748A14 /* Resources */,
				83802EE212643CC10E3E713B /* [CP] Embed Pods Frameworks */,
			);
			buildRules = (
			);
			dependencies = (
			);
			name = FindPictureFlickr;
			productName = FindPictureFlickr;
			productReference = 5C1C394F2790A7B400748A14 /* FindPictureFlickr.app */;
			productType = "com.apple.product-type.application";
		};
/* End PBXNativeTarget section */

/* Begin PBXProject section */
		5C1C39472790A7B400748A14 /* Project object */ = {
			isa = PBXProject;
			attributes = {
				LastSwiftUpdateCheck = 1240;
				LastUpgradeCheck = 1240;
				TargetAttributes = {
					5C1C394E2790A7B400748A14 = {
						CreatedOnToolsVersion = 12.4;
					};
				};
			};
			buildConfigurationList = 5C1C394A2790A7B400748A14 /* Build configuration list for PBXProject "FindPictureFlickr" */;
			compatibilityVersion = "Xcode 9.3";
			developmentRegion = en;
			hasScannedForEncodings = 0;
			knownRegions = (
				en,
				Base,
			);
			mainGroup = 5C1C39462790A7B400748A14;
			productRefGroup = 5C1C39502790A7B400748A14 /* Products */;
			projectDirPath = "";
			projectRoot = "";
			targets = (
				5C1C394E2790A7B400748A14 /* FindPictureFlickr */,
			);
		};
/* End PBXProject section */

/* Begin PBXResourcesBuildPhase section */
		5C1C394D2790A7B400748A14 /* Resources */ = {
			isa = PBXResourcesBuildPhase;
			buildActionMask = 2147483647;
			files = (
			);
			runOnlyForDeploymentPostprocessing = 0;
		};
/* End PBXResourcesBuildPhase section */

/* Begin PBXShellScriptBuildPhase section */
		668540A727C194A31E40CBD9 /* [CP] Check Pods Manifest.lock */ = {
			isa = PBXShellScriptBuildPhase;
			buildActionMask = 2147483647;
			files = (
			);
			inputFileListPaths = (
			);
			inputPaths = (
				"${PODS_PODFILE_DIR_PATH}/Podfile.lock",
				"${PODS_ROOT}/Manifest.lock",
			);
			name = "[CP] Check Pods Manifest.lock";
			outputFileListPaths = (
			);
			outputPaths = (
				"$(DERIVED_FILE_DIR)/Pods-FindPictureFlickr-checkManifestLockResult.txt",
			);
			runOnlyForDeploymentPostprocessing = 0;
			shellPath = /bin/sh;
			shellScript = "diff \"${PODS_PODFILE_DIR_PATH}/Podfile.lock\" \"${PODS_ROOT}/Manifest.lock\" > /dev/null\nif [ $? != 0 ] ; then\n    # print error to STDERR\n    echo \"error: The sandbox is not in sync with the Podfile.lock. Run 'pod install' or update your CocoaPods installation.\" >&2\n    exit 1\nfi\n# This output is used by Xcode 'outputs' to avoid re-running this script phase.\necho \"SUCCESS\" > \"${SCRIPT_OUTPUT_FILE_0}\"\n";
			showEnvVarsInLog = 0;
		};
		83802EE212643CC10E3E713B /* [CP] Embed Pods Frameworks */ = {
			isa = PBXShellScriptBuildPhase;
			buildActionMask = 2147483647;
			files = (
			);
			inputFileListPaths = (
				"${PODS_ROOT}/Target Support Files/Pods-FindPictureFlickr/Pods-FindPictureFlickr-frameworks-${CONFIGURATION}-input-files.xcfilelist",
			);
			name = "[CP] Embed Pods Frameworks";
			outputFileListPaths = (
				"${PODS_ROOT}/Target Support Files/Pods-FindPictureFlickr/Pods-FindPictureFlickr-frameworks-${CONFIGURATION}-output-files.xcfilelist",
			);
			runOnlyForDeploymentPostprocessing = 0;
			shellPath = /bin/sh;
			shellScript = "\"${PODS_ROOT}/Target Support Files/Pods-FindPictureFlickr/Pods-FindPictureFlickr-frameworks.sh\"\n";
			showEnvVarsInLog = 0;
		};
/* End PBXShellScriptBuildPhase section */

/* Begin PBXSourcesBuildPhase section */
		5C1C394B2790A7B400748A14 /* Sources */ = {
			isa = PBXSourcesBuildPhase;
			buildActionMask = 2147483647;
			files = (
				5CB8456A27921AC7006E2852 /* NetworkManager.swift in Sources */,
				5C99FE4A2795DC4D0057B711 /* RealmModel.swift in Sources */,
				5CB845652791DCB3006E2852 /* ApiModel.swift in Sources */,
				5C5F98F4279468000052F6E8 /* SaveModel.swift in Sources */,
				5C1C39572790A7B400748A14 /* ViewController.swift in Sources */,
				5C99FE532795E2BD0057B711 /* RealmManager.swift in Sources */,
				5C1C39742790B26D00748A14 /* TableViewCell.swift in Sources */,
				5C1C39532790A7B400748A14 /* AppDelegate.swift in Sources */,
				5C1C39552790A7B400748A14 /* SceneDelegate.swift in Sources */,
			);
			runOnlyForDeploymentPostprocessing = 0;
		};
/* End PBXSourcesBuildPhase section */

/* Begin XCBuildConfiguration section */
		5C1C39612790A7B700748A14 /* Debug */ = {
			isa = XCBuildConfiguration;
			buildSettings = {
				ALWAYS_SEARCH_USER_PATHS = NO;
				CLANG_ANALYZER_NONNULL = YES;
				CLANG_ANALYZER_NUMBER_OBJECT_CONVERSION = YES_AGGRESSIVE;
				CLANG_CXX_LANGUAGE_STANDARD = "gnu++14";
				CLANG_CXX_LIBRARY = "libc++";
				CLANG_ENABLE_MODULES = YES;
				CLANG_ENABLE_OBJC_ARC = YES;
				CLANG_ENABLE_OBJC_WEAK = YES;
				CLANG_WARN_BLOCK_CAPTURE_AUTORELEASING = YES;
				CLANG_WARN_BOOL_CONVERSION = YES;
				CLANG_WARN_COMMA = YES;
				CLANG_WARN_CONSTANT_CONVERSION = YES;
				CLANG_WARN_DEPRECATED_OBJC_IMPLEMENTATIONS = YES;
				CLANG_WARN_DIRECT_OBJC_ISA_USAGE = YES_ERROR;
				CLANG_WARN_DOCUMENTATION_COMMENTS = YES;
				CLANG_WARN_EMPTY_BODY = YES;
				CLANG_WARN_ENUM_CONVERSION = YES;
				CLANG_WARN_INFINITE_RECURSION = YES;
				CLANG_WARN_INT_CONVERSION = YES;
				CLANG_WARN_NON_LITERAL_NULL_CONVERSION = YES;
				CLANG_WARN_OBJC_IMPLICIT_RETAIN_SELF = YES;
				CLANG_WARN_OBJC_LITERAL_CONVERSION = YES;
				CLANG_WARN_OBJC_ROOT_CLASS = YES_ERROR;
				CLANG_WARN_QUOTED_INCLUDE_IN_FRAMEWORK_HEADER = YES;
				CLANG_WARN_RANGE_LOOP_ANALYSIS = YES;
				CLANG_WARN_STRICT_PROTOTYPES = YES;
				CLANG_WARN_SUSPICIOUS_MOVE = YES;
				CLANG_WARN_UNGUARDED_AVAILABILITY = YES_AGGRESSIVE;
				CLANG_WARN_UNREACHABLE_CODE = YES;
				CLANG_WARN__DUPLICATE_METHOD_MATCH = YES;
				COPY_PHASE_STRIP = NO;
				DEBUG_INFORMATION_FORMAT = dwarf;
				ENABLE_STRICT_OBJC_MSGSEND = YES;
				ENABLE_TESTABILITY = YES;
				GCC_C_LANGUAGE_STANDARD = gnu11;
				GCC_DYNAMIC_NO_PIC = NO;
				GCC_NO_COMMON_BLOCKS = YES;
				GCC_OPTIMIZATION_LEVEL = 0;
				GCC_PREPROCESSOR_DEFINITIONS = (
					"DEBUG=1",
					"$(inherited)",
				);
				GCC_WARN_64_TO_32_BIT_CONVERSION = YES;
				GCC_WARN_ABOUT_RETURN_TYPE = YES_ERROR;
				GCC_WARN_UNDECLARED_SELECTOR = YES;
				GCC_WARN_UNINITIALIZED_AUTOS = YES_AGGRESSIVE;
				GCC_WARN_UNUSED_FUNCTION = YES;
				GCC_WARN_UNUSED_VARIABLE = YES;
				IPHONEOS_DEPLOYMENT_TARGET = 14.4;
				MTL_ENABLE_DEBUG_INFO = INCLUDE_SOURCE;
				MTL_FAST_MATH = YES;
				ONLY_ACTIVE_ARCH = YES;
				SDKROOT = iphoneos;
				SWIFT_ACTIVE_COMPILATION_CONDITIONS = DEBUG;
				SWIFT_OPTIMIZATION_LEVEL = "-Onone";
			};
			name = Debug;
		};
		5C1C39622790A7B700748A14 /* Release */ = {
			isa = XCBuildConfiguration;
			buildSettings = {
				ALWAYS_SEARCH_USER_PATHS = NO;
				CLANG_ANALYZER_NONNULL = YES;
				CLANG_ANALYZER_NUMBER_OBJECT_CONVERSION = YES_AGGRESSIVE;
				CLANG_CXX_LANGUAGE_STANDARD = "gnu++14";
				CLANG_CXX_LIBRARY = "libc++";
				CLANG_ENABLE_MODULES = YES;
				CLANG_ENABLE_OBJC_ARC = YES;
				CLANG_ENABLE_OBJC_WEAK = YES;
				CLANG_WARN_BLOCK_CAPTURE_AUTORELEASING = YES;
				CLANG_WARN_BOOL_CONVERSION = YES;
				CLANG_WARN_COMMA = YES;
				CLANG_WARN_CONSTANT_CONVERSION = YES;
				CLANG_WARN_DEPRECATED_OBJC_IMPLEMENTATIONS = YES;
				CLANG_WARN_DIRECT_OBJC_ISA_USAGE = YES_ERROR;
				CLANG_WARN_DOCUMENTATION_COMMENTS = YES;
				CLANG_WARN_EMPTY_BODY = YES;
				CLANG_WARN_ENUM_CONVERSION = YES;
				CLANG_WARN_INFINITE_RECURSION = YES;
				CLANG_WARN_INT_CONVERSION = YES;
				CLANG_WARN_NON_LITERAL_NULL_CONVERSION = YES;
				CLANG_WARN_OBJC_IMPLICIT_RETAIN_SELF = YES;
				CLANG_WARN_OBJC_LITERAL_CONVERSION = YES;
				CLANG_WARN_OBJC_ROOT_CLASS = YES_ERROR;
				CLANG_WARN_QUOTED_INCLUDE_IN_FRAMEWORK_HEADER = YES;
				CLANG_WARN_RANGE_LOOP_ANALYSIS = YES;
				CLANG_WARN_STRICT_PROTOTYPES = YES;
				CLANG_WARN_SUSPICIOUS_MOVE = YES;
				CLANG_WARN_UNGUARDED_AVAILABILITY = YES_AGGRESSIVE;
				CLANG_WARN_UNREACHABLE_CODE = YES;
				CLANG_WARN__DUPLICATE_METHOD_MATCH = YES;
				COPY_PHASE_STRIP = NO;
				DEBUG_INFORMATION_FORMAT = "dwarf-with-dsym";
				ENABLE_NS_ASSERTIONS = NO;
				ENABLE_STRICT_OBJC_MSGSEND = YES;
				GCC_C_LANGUAGE_STANDARD = gnu11;
				GCC_NO_COMMON_BLOCKS = YES;
				GCC_WARN_64_TO_32_BIT_CONVERSION = YES;
				GCC_WARN_ABOUT_RETURN_TYPE = YES_ERROR;
				GCC_WARN_UNDECLARED_SELECTOR = YES;
				GCC_WARN_UNINITIALIZED_AUTOS = YES_AGGRESSIVE;
				GCC_WARN_UNUSED_FUNCTION = YES;
				GCC_WARN_UNUSED_VARIABLE = YES;
				IPHONEOS_DEPLOYMENT_TARGET = 14.4;
				MTL_ENABLE_DEBUG_INFO = NO;
				MTL_FAST_MATH = YES;
				SDKROOT = iphoneos;
				SWIFT_COMPILATION_MODE = wholemodule;
				SWIFT_OPTIMIZATION_LEVEL = "-O";
				VALIDATE_PRODUCT = YES;
			};
			name = Release;
		};
		5C1C39642790A7B700748A14 /* Debug */ = {
			isa = XCBuildConfiguration;
			baseConfigurationReference = B456883FABF5EEC20A7DE140 /* Pods-FindPictureFlickr.debug.xcconfig */;
			buildSettings = {
				ASSETCATALOG_COMPILER_APPICON_NAME = AppIcon;
				ASSETCATALOG_COMPILER_GLOBAL_ACCENT_COLOR_NAME = AccentColor;
				CODE_SIGN_STYLE = Automatic;
				DEVELOPMENT_TEAM = SU23D6GXVW;
				INFOPLIST_FILE = FindPictureFlickr/Info.plist;
				LD_RUNPATH_SEARCH_PATHS = (
					"$(inherited)",
					"@executable_path/Frameworks",
				);
				PRODUCT_BUNDLE_IDENTIFIER = Rita.FindPictureFlickr;
				PRODUCT_NAME = "$(TARGET_NAME)";
				SWIFT_VERSION = 5.0;
				TARGETED_DEVICE_FAMILY = "1,2";
			};
			name = Debug;
		};
		5C1C39652790A7B700748A14 /* Release */ = {
			isa = XCBuildConfiguration;
			baseConfigurationReference = B7BD5DCFBBAFC456DF151E91 /* Pods-FindPictureFlickr.release.xcconfig */;
			buildSettings = {
				ASSETCATALOG_COMPILER_APPICON_NAME = AppIcon;
				ASSETCATALOG_COMPILER_GLOBAL_ACCENT_COLOR_NAME = AccentColor;
				CODE_SIGN_STYLE = Automatic;
				DEVELOPMENT_TEAM = SU23D6GXVW;
				INFOPLIST_FILE = FindPictureFlickr/Info.plist;
				LD_RUNPATH_SEARCH_PATHS = (
					"$(inherited)",
					"@executable_path/Frameworks",
				);
				PRODUCT_BUNDLE_IDENTIFIER = Rita.FindPictureFlickr;
				PRODUCT_NAME = "$(TARGET_NAME)";
				SWIFT_VERSION = 5.0;
				TARGETED_DEVICE_FAMILY = "1,2";
			};
			name = Release;
		};
/* End XCBuildConfiguration section */

/* Begin XCConfigurationList section */
		5C1C394A2790A7B400748A14 /* Build configuration list for PBXProject "FindPictureFlickr" */ = {
			isa = XCConfigurationList;
			buildConfigurations = (
				5C1C39612790A7B700748A14 /* Debug */,
				5C1C39622790A7B700748A14 /* Release */,
			);
			defaultConfigurationIsVisible = 0;
			defaultConfigurationName = Release;
		};
		5C1C39632790A7B700748A14 /* Build configuration list for PBXNativeTarget "FindPictureFlickr" */ = {
			isa = XCConfigurationList;
			buildConfigurations = (
				5C1C39642790A7B700748A14 /* Debug */,
				5C1C39652790A7B700748A14 /* Release */,
			);
			defaultConfigurationIsVisible = 0;
			defaultConfigurationName = Release;
		};
/* End XCConfigurationList section */
	};
	rootObject = 5C1C39472790A7B400748A14 /* Project object */;
}
